dependencies:
- name: auth
  repository: file://../charts/auth
  version: 0.1.0
- name: events
  repository: file://../charts/events
  version: 0.1.0
- name: community
  repository: file://../charts/community
  version: 0.1.0
- name: content
  repository: file://../charts/content
  version: 0.1.0
- name: api-gateway
  repository: file://../charts/api-gateway
  version: 0.1.0
- name: frontend
  repository: file://../charts/frontend
  version: 0.1.0
digest: sha256:9571ca9256be481bc1a1d19d873d5f7f3da7b5ff06c887a534a59e6c9ad57e27
generated: "2025-05-20T09:24:53.172433099+01:00"
