dependencies:
- name: auth
  repository: file://../charts/auth
  version: 0.1.0
- name: events
  repository: file://../charts/events
  version: 0.1.0
- name: api-gateway
  repository: file://../charts/api-gateway
  version: 0.1.0
digest: sha256:2f2a63ef2695c73b4d7ccb9d8c9861363e309c92deacd2d657b37e789807cd0e
generated: "2025-03-20T17:49:21.572743194Z"
